
Microsoft Visual Studio Solution File, Format Version 12.00
# Visual Studio Version 17
VisualStudioVersion = 17.9.34607.119
MinimumVisualStudioVersion = 10.0.40219.1
Project("{FAE04EC0-301F-11D3-BF4B-00C04F79EFBC}") = "AppCSharp", "AppCSharp\AppCSharp.csproj", "{2ABF1092-728B-43AA-A73A-B757E06CF4FD}"
EndProject
Project("{F184B08F-C81C-45F6-A57F-5ABD9991F28F}") = "AppVBNet", "AppVBNet\AppVBNet.vbproj", "{C1FD94E4-A7F5-4E36-9F71-05B3F321DF61}"
EndProject
Project("{2150E333-8FDC-42A3-9474-1A3956D46DE8}") = "Videos", "Videos", "{EB93AF69-B8EA-412A-B412-2109F21F785F}"
	ProjectSection(SolutionItems) = preProject
		Video.mp4 = Video.mp4
	EndProjectSection
EndProject
Global
	GlobalSection(SolutionConfigurationPlatforms) = preSolution
		Debug|Any CPU = Debug|Any CPU
		Release|Any CPU = Release|Any CPU
	EndGlobalSection
	GlobalSection(ProjectConfigurationPlatforms) = postSolution
		{2ABF1092-728B-43AA-A73A-B757E06CF4FD}.Debug|Any CPU.ActiveCfg = Debug|Any CPU
		{2ABF1092-728B-43AA-A73A-B757E06CF4FD}.Debug|Any CPU.Build.0 = Debug|Any CPU
		{2ABF1092-728B-43AA-A73A-B757E06CF4FD}.Release|Any CPU.ActiveCfg = Release|Any CPU
		{2ABF1092-728B-43AA-A73A-B757E06CF4FD}.Release|Any CPU.Build.0 = Release|Any CPU
		{C1FD94E4-A7F5-4E36-9F71-05B3F321DF61}.Debug|Any CPU.ActiveCfg = Debug|Any CPU
		{C1FD94E4-A7F5-4E36-9F71-05B3F321DF61}.Debug|Any CPU.Build.0 = Debug|Any CPU
		{C1FD94E4-A7F5-4E36-9F71-05B3F321DF61}.Release|Any CPU.ActiveCfg = Release|Any CPU
		{C1FD94E4-A7F5-4E36-9F71-05B3F321DF61}.Release|Any CPU.Build.0 = Release|Any CPU
	EndGlobalSection
	GlobalSection(SolutionProperties) = preSolution
		HideSolutionNode = FALSE
	EndGlobalSection
	GlobalSection(ExtensibilityGlobals) = postSolution
		SolutionGuid = {F99A69CF-A387-4381-BF98-373824818754}
	EndGlobalSection
EndGlobal
